
Microsoft Visual Studio Solution File, Format Version 12.00
# Visual Studio Version 17
VisualStudioVersion = 17.4.33205.214
MinimumVisualStudioVersion = 10.0.40219.1
Project("{FAE04EC0-301F-11D3-BF4B-00C04F79EFBC}") = "socialmediaAPI", "socialmediaAPI\socialmediaAPI.csproj", "{D125E6F7-B8BC-4E57-B966-DE5D5746CEDD}"
EndProject
Global
	GlobalSection(SolutionConfigurationPlatforms) = preSolution
		Debug|Any CPU = Debug|Any CPU
		Release|Any CPU = Release|Any CPU
	EndGlobalSection
	GlobalSection(ProjectConfigurationPlatforms) = postSolution
		{D125E6F7-B8BC-4E57-B966-DE5D5746CEDD}.Debug|Any CPU.ActiveCfg = Debug|Any CPU
		{D125E6F7-B8BC-4E57-B966-DE5D5746CEDD}.Debug|Any CPU.Build.0 = Debug|Any CPU
		{D125E6F7-B8BC-4E57-B966-DE5D5746CEDD}.Release|Any CPU.ActiveCfg = Release|Any CPU
		{D125E6F7-B8BC-4E57-B966-DE5D5746CEDD}.Release|Any CPU.Build.0 = Release|Any CPU
	EndGlobalSection
	GlobalSection(SolutionProperties) = preSolution
		HideSolutionNode = FALSE
	EndGlobalSection
	GlobalSection(ExtensibilityGlobals) = postSolution
		SolutionGuid = {F26A4213-0FB8-4196-A003-4064E90AF5CB}
	EndGlobalSection
EndGlobal
